// !$*UTF8*$!
{
	archiveVersion = 1;
	classes = {
	};
	objectVersion = 46;
	objects = {

/* Begin PBXBuildFile section */
		08F94B391D65839E0056E722 /* AppDelegate.swift in Sources */ = {isa = PBXBuildFile; fileRef = 08F94B381D65839E0056E722 /* AppDelegate.swift */; };
		08F94B3B1D65839E0056E722 /* ViewController.swift in Sources */ = {isa = PBXBuildFile; fileRef = 08F94B3A1D65839E0056E722 /* ViewController.swift */; };
		08F94B3E1D65839E0056E722 /* Main.storyboard in Resources */ = {isa = PBXBuildFile; fileRef = 08F94B3C1D65839E0056E722 /* Main.storyboard */; };
		08F94B401D65839E0056E722 /* Assets.xcassets in Resources */ = {isa = PBXBuildFile; fileRef = 08F94B3F1D65839E0056E722 /* Assets.xcassets */; };
		08F94B431D65839E0056E722 /* LaunchScreen.storyboard in Resources */ = {isa = PBXBuildFile; fileRef = 08F94B411D65839E0056E722 /* LaunchScreen.storyboard */; };
		08F94B4E1D65839E0056E722 /* Mini_REtoTests.swift in Sources */ = {isa = PBXBuildFile; fileRef = 08F94B4D1D65839E0056E722 /* Mini_REtoTests.swift */; };
		08F94B591D65839E0056E722 /* Mini_REtoUITests.swift in Sources */ = {isa = PBXBuildFile; fileRef = 08F94B581D65839E0056E722 /* Mini_REtoUITests.swift */; };
/* End PBXBuildFile section */

/* Begin PBXContainerItemProxy section */
		08F94B4A1D65839E0056E722 /* PBXContainerItemProxy */ = {
			isa = PBXContainerItemProxy;
			containerPortal = 08F94B2D1D65839E0056E722 /* Project object */;
			proxyType = 1;
			remoteGlobalIDString = 08F94B341D65839E0056E722;
			remoteInfo = "Mini REto";
		};
		08F94B551D65839E0056E722 /* PBXContainerItemProxy */ = {
			isa = PBXContainerItemProxy;
			containerPortal = 08F94B2D1D65839E0056E722 /* Project object */;
			proxyType = 1;
			remoteGlobalIDString = 08F94B341D65839E0056E722;
			remoteInfo = "Mini REto";
		};
/* End PBXContainerItemProxy section */

/* Begin PBXFileReference section */
		08F94B351D65839E0056E722 /* Mini REto.app */ = {isa = PBXFileReference; explicitFileType = wrapper.application; includeInIndex = 0; path = "Mini REto.app"; sourceTree = BUILT_PRODUCTS_DIR; };
		08F94B381D65839E0056E722 /* AppDelegate.swift */ = {isa = PBXFileReference; lastKnownFileType = sourcecode.swift; path = AppDelegate.swift; sourceTree = "<group>"; };
		08F94B3A1D65839E0056E722 /* ViewController.swift */ = {isa = PBXFileReference; lastKnownFileType = sourcecode.swift; path = ViewController.swift; sourceTree = "<group>"; };
		08F94B3D1D65839E0056E722 /* Base */ = {isa = PBXFileReference; lastKnownFileType = file.storyboard; name = Base; path = Base.lproj/Main.storyboard; sourceTree = "<group>"; };
		08F94B3F1D65839E0056E722 /* Assets.xcassets */ = {isa = PBXFileReference; lastKnownFileType = folder.assetcatalog; path = Assets.xcassets; sourceTree = "<group>"; };
		08F94B421D65839E0056E722 /* Base */ = {isa = PBXFileReference; lastKnownFileType = file.storyboard; name = Base; path = Base.lproj/LaunchScreen.storyboard; sourceTree = "<group>"; };
		08F94B441D65839E0056E722 /* Info.plist */ = {isa = PBXFileReference; lastKnownFileType = text.plist.xml; path = Info.plist; sourceTree = "<group>"; };
		08F94B491D65839E0056E722 /* Mini REtoTests.xctest */ = {isa = PBXFileReference; explicitFileType = wrapper.cfbundle; includeInIndex = 0; path = "Mini REtoTests.xctest"; sourceTree = BUILT_PRODUCTS_DIR; };
		08F94B4D1D65839E0056E722 /* Mini_REtoTests.swift */ = {isa = PBXFileReference; lastKnownFileType = sourcecode.swift; path = Mini_REtoTests.swift; sourceTree = "<group>"; };
		08F94B4F1D65839E0056E722 /* Info.plist */ = {isa = PBXFileReference; lastKnownFileType = text.plist.xml; path = Info.plist; sourceTree = "<group>"; };
		08F94B541D65839E0056E722 /* Mini REtoUITests.xctest */ = {isa = PBXFileReference; explicitFileType = wrapper.cfbundle; includeInIndex = 0; path = "Mini REtoUITests.xctest"; sourceTree = BUILT_PRODUCTS_DIR; };
		08F94B581D65839E0056E722 /* Mini_REtoUITests.swift */ = {isa = PBXFileReference; lastKnownFileType = sourcecode.swift; path = Mini_REtoUITests.swift; sourceTree = "<group>"; };
		08F94B5A1D65839E0056E722 /* Info.plist */ = {isa = PBXFileReference; lastKnownFileType = text.plist.xml; path = Info.plist; sourceTree = "<group>"; };
/* End PBXFileReference section */

/* Begin PBXFrameworksBuildPhase section */
		08F94B321D65839E0056E722 /* Frameworks */ = {
			isa = PBXFrameworksBuildPhase;
			buildActionMask = 2147483647;
			files = (
			);
			runOnlyForDeploymentPostprocessing = 0;
		};
		08F94B461D65839E0056E722 /* Frameworks */ = {
			isa = PBXFrameworksBuildPhase;
			buildActionMask = 2147483647;
			files = (
			);
			runOnlyForDeploymentPostprocessing = 0;
		};
		08F94B511D65839E0056E722 /* Frameworks */ = {
			isa = PBXFrameworksBuildPhase;
			buildActionMask = 2147483647;
			files = (
			);
			runOnlyForDeploymentPostprocessing = 0;
		};
/* End PBXFrameworksBuildPhase section */

/* Begin PBXGroup section */
		08F94B2C1D65839E0056E722 = {
			isa = PBXGroup;
			children = (
				08F94B371D65839E0056E722 /* Mini REto */,
				08F94B4C1D65839E0056E722 /* Mini REtoTests */,
				08F94B571D65839E0056E722 /* Mini REtoUITests */,
				08F94B361D65839E0056E722 /* Products */,
			);
			sourceTree = "<group>";
		};
		08F94B361D65839E0056E722 /* Products */ = {
			isa = PBXGroup;
			children = (
				08F94B351D65839E0056E722 /* Mini REto.app */,
				08F94B491D65839E0056E722 /* Mini REtoTests.xctest */,
				08F94B541D65839E0056E722 /* Mini REtoUITests.xctest */,
			);
			name = Products;
			sourceTree = "<group>";
		};
		08F94B371D65839E0056E722 /* Mini REto */ = {
			isa = PBXGroup;
			children = (
				08F94B381D65839E0056E722 /* AppDelegate.swift */,
				08F94B3A1D65839E0056E722 /* ViewController.swift */,
				08F94B3C1D65839E0056E722 /* Main.storyboard */,
				08F94B3F1D65839E0056E722 /* Assets.xcassets */,
				08F94B411D65839E0056E722 /* LaunchScreen.storyboard */,
				08F94B441D65839E0056E722 /* Info.plist */,
			);
			path = "Mini REto";
			sourceTree = "<group>";
		};
		08F94B4C1D65839E0056E722 /* Mini REtoTests */ = {
			isa = PBXGroup;
			children = (
				08F94B4D1D65839E0056E722 /* Mini_REtoTests.swift */,
				08F94B4F1D65839E0056E722 /* Info.plist */,
			);
			path = "Mini REtoTests";
			sourceTree = "<group>";
		};
		08F94B571D65839E0056E722 /* Mini REtoUITests */ = {
			isa = PBXGroup;
			children = (
				08F94B581D65839E0056E722 /* Mini_REtoUITests.swift */,
				08F94B5A1D65839E0056E722 /* Info.plist */,
			);
			path = "Mini REtoUITests";
			sourceTree = "<group>";
		};
/* End PBXGroup section */

/* Begin PBXNativeTarget section */
		08F94B341D65839E0056E722 /* Mini REto */ = {
			isa = PBXNativeTarget;
			buildConfigurationList = 08F94B5D1D65839E0056E722 /* Build configuration list for PBXNativeTarget "Mini REto" */;
			buildPhases = (
				08F94B311D65839E0056E722 /* Sources */,
				08F94B321D65839E0056E722 /* Frameworks */,
				08F94B331D65839E0056E722 /* Resources */,
			);
			buildRules = (
			);
			dependencies = (
			);
			name = "Mini REto";
			productName = "Mini REto";
			productReference = 08F94B351D65839E0056E722 /* Mini REto.app */;
			productType = "com.apple.product-type.application";
		};
		08F94B481D65839E0056E722 /* Mini REtoTests */ = {
			isa = PBXNativeTarget;
			buildConfigurationList = 08F94B601D65839E0056E722 /* Build configuration list for PBXNativeTarget "Mini REtoTests" */;
			buildPhases = (
				08F94B451D65839E0056E722 /* Sources */,
				08F94B461D65839E0056E722 /* Frameworks */,
				08F94B471D65839E0056E722 /* Resources */,
			);
			buildRules = (
			);
			dependencies = (
				08F94B4B1D65839E0056E722 /* PBXTargetDependency */,
			);
			name = "Mini REtoTests";
			productName = "Mini REtoTests";
			productReference = 08F94B491D65839E0056E722 /* Mini REtoTests.xctest */;
			productType = "com.apple.product-type.bundle.unit-test";
		};
		08F94B531D65839E0056E722 /* Mini REtoUITests */ = {
			isa = PBXNativeTarget;
			buildConfigurationList = 08F94B631D65839E0056E722 /* Build configuration list for PBXNativeTarget "Mini REtoUITests" */;
			buildPhases = (
				08F94B501D65839E0056E722 /* Sources */,
				08F94B511D65839E0056E722 /* Frameworks */,
				08F94B521D65839E0056E722 /* Resources */,
			);
			buildRules = (
			);
			dependencies = (
				08F94B561D65839E0056E722 /* PBXTargetDependency */,
			);
			name = "Mini REtoUITests";
			productName = "Mini REtoUITests";
			productReference = 08F94B541D65839E0056E722 /* Mini REtoUITests.xctest */;
			productType = "com.apple.product-type.bundle.ui-testing";
		};
/* End PBXNativeTarget section */

/* Begin PBXProject section */
		08F94B2D1D65839E0056E722 /* Project object */ = {
			isa = PBXProject;
			attributes = {
				LastSwiftUpdateCheck = 0800;
				LastUpgradeCheck = 0800;
				ORGANIZATIONNAME = "Cesar Gonzalez Chavez";
				TargetAttributes = {
					08F94B341D65839E0056E722 = {
						CreatedOnToolsVersion = 8.0;
						ProvisioningStyle = Automatic;
					};
					08F94B481D65839E0056E722 = {
						CreatedOnToolsVersion = 8.0;
						ProvisioningStyle = Automatic;
						TestTargetID = 08F94B341D65839E0056E722;
					};
					08F94B531D65839E0056E722 = {
						CreatedOnToolsVersion = 8.0;
						ProvisioningStyle = Automatic;
						TestTargetID = 08F94B341D65839E0056E722;
					};
				};
			};
			buildConfigurationList = 08F94B301D65839E0056E722 /* Build configuration list for PBXProject "Mini REto" */;
			compatibilityVersion = "Xcode 3.2";
			developmentRegion = English;
			hasScannedForEncodings = 0;
			knownRegions = (
				en,
				Base,
			);
			mainGroup = 08F94B2C1D65839E0056E722;
			productRefGroup = 08F94B361D65839E0056E722 /* Products */;
			projectDirPath = "";
			projectRoot = "";
			targets = (
				08F94B341D65839E0056E722 /* Mini REto */,
				08F94B481D65839E0056E722 /* Mini REtoTests */,
				08F94B531D65839E0056E722 /* Mini REtoUITests */,
			);
		};
/* End PBXProject section */

/* Begin PBXResourcesBuildPhase section */
		08F94B331D65839E0056E722 /* Resources */ = {
			isa = PBXResourcesBuildPhase;
			buildActionMask = 2147483647;
			files = (
				08F94B431D65839E0056E722 /* LaunchScreen.storyboard in Resources */,
				08F94B401D65839E0056E722 /* Assets.xcassets in Resources */,
				08F94B3E1D65839E0056E722 /* Main.storyboard in Resources */,
			);
			runOnlyForDeploymentPostprocessing = 0;
		};
		08F94B471D65839E0056E722 /* Resources */ = {
			isa = PBXResourcesBuildPhase;
			buildActionMask = 2147483647;
			files = (
			);
			runOnlyForDeploymentPostprocessing = 0;
		};
		08F94B521D65839E0056E722 /* Resources */ = {
			isa = PBXResourcesBuildPhase;
			buildActionMask = 2147483647;
			files = (
			);
			runOnlyForDeploymentPostprocessing = 0;
		};
/* End PBXResourcesBuildPhase section */

/* Begin PBXSourcesBuildPhase section */
		08F94B311D65839E0056E722 /* Sources */ = {
			isa = PBXSourcesBuildPhase;
			buildActionMask = 2147483647;
			files = (
				08F94B3B1D65839E0056E722 /* ViewController.swift in Sources */,
				08F94B391D65839E0056E722 /* AppDelegate.swift in Sources */,
			);
			runOnlyForDeploymentPostprocessing = 0;
		};
		08F94B451D65839E0056E722 /* Sources */ = {
			isa = PBXSourcesBuildPhase;
			buildActionMask = 2147483647;
			files = (
				08F94B4E1D65839E0056E722 /* Mini_REtoTests.swift in Sources */,
			);
			runOnlyForDeploymentPostprocessing = 0;
		};
		08F94B501D65839E0056E722 /* Sources */ = {
			isa = PBXSourcesBuildPhase;
			buildActionMask = 2147483647;
			files = (
				08F94B591D65839E0056E722 /* Mini_REtoUITests.swift in Sources */,
			);
			runOnlyForDeploymentPostprocessing = 0;
		};
/* End PBXSourcesBuildPhase section */

/* Begin PBXTargetDependency section */
		08F94B4B1D65839E0056E722 /* PBXTargetDependency */ = {
			isa = PBXTargetDependency;
			target = 08F94B341D65839E0056E722 /* Mini REto */;
			targetProxy = 08F94B4A1D65839E0056E722 /* PBXContainerItemProxy */;
		};
		08F94B561D65839E0056E722 /* PBXTargetDependency */ = {
			isa = PBXTargetDependency;
			target = 08F94B341D65839E0056E722 /* Mini REto */;
			targetProxy = 08F94B551D65839E0056E722 /* PBXContainerItemProxy */;
		};
/* End PBXTargetDependency section */

/* Begin PBXVariantGroup section */
		08F94B3C1D65839E0056E722 /* Main.storyboard */ = {
			isa = PBXVariantGroup;
			children = (
				08F94B3D1D65839E0056E722 /* Base */,
			);
			name = Main.storyboard;
			sourceTree = "<group>";
		};
		08F94B411D65839E0056E722 /* LaunchScreen.storyboard */ = {
			isa = PBXVariantGroup;
			children = (
				08F94B421D65839E0056E722 /* Base */,
			);
			name = LaunchScreen.storyboard;
			sourceTree = "<group>";
		};
/* End PBXVariantGroup section */

/* Begin XCBuildConfiguration section */
		08F94B5B1D65839E0056E722 /* Debug */ = {
			isa = XCBuildConfiguration;
			buildSettings = {
				ALWAYS_SEARCH_USER_PATHS = NO;
				CLANG_ANALYZER_NONNULL = YES;
				CLANG_CXX_LANGUAGE_STANDARD = "gnu++0x";
				CLANG_CXX_LIBRARY = "libc++";
				CLANG_ENABLE_MODULES = YES;
				CLANG_ENABLE_OBJC_ARC = YES;
				CLANG_WARN_BOOL_CONVERSION = YES;
				CLANG_WARN_CONSTANT_CONVERSION = YES;
				CLANG_WARN_DIRECT_OBJC_ISA_USAGE = YES_ERROR;
				CLANG_WARN_DOCUMENTATION_COMMENTS = YES;
				CLANG_WARN_EMPTY_BODY = YES;
				CLANG_WARN_ENUM_CONVERSION = YES;
				CLANG_WARN_INFINITE_RECURSION = YES;
				CLANG_WARN_INT_CONVERSION = YES;
				CLANG_WARN_OBJC_ROOT_CLASS = YES_ERROR;
				CLANG_WARN_SUSPICIOUS_MOVES = YES;
				CLANG_WARN_UNREACHABLE_CODE = YES;
				CLANG_WARN__DUPLICATE_METHOD_MATCH = YES;
				"CODE_SIGN_IDENTITY[sdk=iphoneos*]" = "iPhone Developer";
				COPY_PHASE_STRIP = NO;
				DEBUG_INFORMATION_FORMAT = dwarf;
				ENABLE_STRICT_OBJC_MSGSEND = YES;
				ENABLE_TESTABILITY = YES;
				GCC_C_LANGUAGE_STANDARD = gnu99;
				GCC_DYNAMIC_NO_PIC = NO;
				GCC_NO_COMMON_BLOCKS = YES;
				GCC_OPTIMIZATION_LEVEL = 0;
				GCC_PREPROCESSOR_DEFINITIONS = (
					"DEBUG=1",
					"$(inherited)",
				);
				GCC_WARN_64_TO_32_BIT_CONVERSION = YES;
				GCC_WARN_ABOUT_RETURN_TYPE = YES_ERROR;
				GCC_WARN_UNDECLARED_SELECTOR = YES;
				GCC_WARN_UNINITIALIZED_AUTOS = YES_AGGRESSIVE;
				GCC_WARN_UNUSED_FUNCTION = YES;
				GCC_WARN_UNUSED_VARIABLE = YES;
				IPHONEOS_DEPLOYMENT_TARGET = 10.0;
				MTL_ENABLE_DEBUG_INFO = YES;
				ONLY_ACTIVE_ARCH = YES;
				SDKROOT = iphoneos;
				SWIFT_ACTIVE_COMPILATION_CONDITIONS = DEBUG;
				SWIFT_OPTIMIZATION_LEVEL = "-Onone";
				TARGETED_DEVICE_FAMILY = "1,2";
			};
			name = Debug;
		};
		08F94B5C1D65839E0056E722 /* Release */ = {
			isa = XCBuildConfiguration;
			buildSettings = {
				ALWAYS_SEARCH_USER_PATHS = NO;
				CLANG_ANALYZER_NONNULL = YES;
				CLANG_CXX_LANGUAGE_STANDARD = "gnu++0x";
				CLANG_CXX_LIBRARY = "libc++";
				CLANG_ENABLE_MODULES = YES;
				CLANG_ENABLE_OBJC_ARC = YES;
				CLANG_WARN_BOOL_CONVERSION = YES;
				CLANG_WARN_CONSTANT_CONVERSION = YES;
				CLANG_WARN_DIRECT_OBJC_ISA_USAGE = YES_ERROR;
				CLANG_WARN_DOCUMENTATION_COMMENTS = YES;
				CLANG_WARN_EMPTY_BODY = YES;
				CLANG_WARN_ENUM_CONVERSION = YES;
				CLANG_WARN_INFINITE_RECURSION = YES;
				CLANG_WARN_INT_CONVERSION = YES;
				CLANG_WARN_OBJC_ROOT_CLASS = YES_ERROR;
				CLANG_WARN_SUSPICIOUS_MOVES = YES;
				CLANG_WARN_UNREACHABLE_CODE = YES;
				CLANG_WARN__DUPLICATE_METHOD_MATCH = YES;
				"CODE_SIGN_IDENTITY[sdk=iphoneos*]" = "iPhone Developer";
				COPY_PHASE_STRIP = NO;
				DEBUG_INFORMATION_FORMAT = "dwarf-with-dsym";
				ENABLE_NS_ASSERTIONS = NO;
				ENABLE_STRICT_OBJC_MSGSEND = YES;
				GCC_C_LANGUAGE_STANDARD = gnu99;
				GCC_NO_COMMON_BLOCKS = YES;
				GCC_WARN_64_TO_32_BIT_CONVERSION = YES;
				GCC_WARN_ABOUT_RETURN_TYPE = YES_ERROR;
				GCC_WARN_UNDECLARED_SELECTOR = YES;
				GCC_WARN_UNINITIALIZED_AUTOS = YES_AGGRESSIVE;
				GCC_WARN_UNUSED_FUNCTION = YES;
				GCC_WARN_UNUSED_VARIABLE = YES;
				IPHONEOS_DEPLOYMENT_TARGET = 10.0;
				MTL_ENABLE_DEBUG_INFO = NO;
				SDKROOT = iphoneos;
				SWIFT_OPTIMIZATION_LEVEL = "-Owholemodule";
				TARGETED_DEVICE_FAMILY = "1,2";
				VALIDATE_PRODUCT = YES;
			};
			name = Release;
		};
		08F94B5E1D65839E0056E722 /* Debug */ = {
			isa = XCBuildConfiguration;
			buildSettings = {
				ASSETCATALOG_COMPILER_APPICON_NAME = AppIcon;
				INFOPLIST_FILE = "Mini REto/Info.plist";
				LD_RUNPATH_SEARCH_PATHS = "$(inherited) @executable_path/Frameworks";
				PRODUCT_BUNDLE_IDENTIFIER = "TECMTY.Mini-REto";
				PRODUCT_NAME = "$(TARGET_NAME)";
				SWIFT_VERSION = 3.0;
			};
			name = Debug;
		};
		08F94B5F1D65839E0056E722 /* Release */ = {
			isa = XCBuildConfiguration;
			buildSettings = {
				ASSETCATALOG_COMPILER_APPICON_NAME = AppIcon;
				INFOPLIST_FILE = "Mini REto/Info.plist";
				LD_RUNPATH_SEARCH_PATHS = "$(inherited) @executable_path/Frameworks";
				PRODUCT_BUNDLE_IDENTIFIER = "TECMTY.Mini-REto";
				PRODUCT_NAME = "$(TARGET_NAME)";
				SWIFT_VERSION = 3.0;
			};
			name = Release;
		};
		08F94B611D65839E0056E722 /* Debug */ = {
			isa = XCBuildConfiguration;
			buildSettings = {
				BUNDLE_LOADER = "$(TEST_HOST)";
				INFOPLIST_FILE = "Mini REtoTests/Info.plist";
				LD_RUNPATH_SEARCH_PATHS = "$(inherited) @executable_path/Frameworks @loader_path/Frameworks";
				PRODUCT_BUNDLE_IDENTIFIER = "TECMTY.Mini-REtoTests";
				PRODUCT_NAME = "$(TARGET_NAME)";
				SWIFT_VERSION = 3.0;
				TEST_HOST = "$(BUILT_PRODUCTS_DIR)/Mini REto.app/Mini REto";
			};
			name = Debug;
		};
		08F94B621D65839E0056E722 /* Release */ = {
			isa = XCBuildConfiguration;
			buildSettings = {
				BUNDLE_LOADER = "$(TEST_HOST)";
				INFOPLIST_FILE = "Mini REtoTests/Info.plist";
				LD_RUNPATH_SEARCH_PATHS = "$(inherited) @executable_path/Frameworks @loader_path/Frameworks";
				PRODUCT_BUNDLE_IDENTIFIER = "TECMTY.Mini-REtoTests";
				PRODUCT_NAME = "$(TARGET_NAME)";
				SWIFT_VERSION = 3.0;
				TEST_HOST = "$(BUILT_PRODUCTS_DIR)/Mini REto.app/Mini REto";
			};
			name = Release;
		};
		08F94B641D65839E0056E722 /* Debug */ = {
			isa = XCBuildConfiguration;
			buildSettings = {
				INFOPLIST_FILE = "Mini REtoUITests/Info.plist";
				LD_RUNPATH_SEARCH_PATHS = "$(inherited) @executable_path/Frameworks @loader_path/Frameworks";
				PRODUCT_BUNDLE_IDENTIFIER = "TECMTY.Mini-REtoUITests";
				PRODUCT_NAME = "$(TARGET_NAME)";
				SWIFT_VERSION = 3.0;
				TEST_TARGET_NAME = "Mini REto";
			};
			name = Debug;
		};
		08F94B651D65839E0056E722 /* Release */ = {
			isa = XCBuildConfiguration;
			buildSettings = {
				INFOPLIST_FILE = "Mini REtoUITests/Info.plist";
				LD_RUNPATH_SEARCH_PATHS = "$(inherited) @executable_path/Frameworks @loader_path/Frameworks";
				PRODUCT_BUNDLE_IDENTIFIER = "TECMTY.Mini-REtoUITests";
				PRODUCT_NAME = "$(TARGET_NAME)";
				SWIFT_VERSION = 3.0;
				TEST_TARGET_NAME = "Mini REto";
			};
			name = Release;
		};
/* End XCBuildConfiguration section */

/* Begin XCConfigurationList section */
		08F94B301D65839E0056E722 /* Build configuration list for PBXProject "Mini REto" */ = {
			isa = XCConfigurationList;
			buildConfigurations = (
				08F94B5B1D65839E0056E722 /* Debug */,
				08F94B5C1D65839E0056E722 /* Release */,
			);
			defaultConfigurationIsVisible = 0;
			defaultConfigurationName = Release;
		};
		08F94B5D1D65839E0056E722 /* Build configuration list for PBXNativeTarget "Mini REto" */ = {
			isa = XCConfigurationList;
			buildConfigurations = (
				08F94B5E1D65839E0056E722 /* Debug */,
				08F94B5F1D65839E0056E722 /* Release */,
			);
			defaultConfigurationIsVisible = 0;
		};
		08F94B601D65839E0056E722 /* Build configuration list for PBXNativeTarget "Mini REtoTests" */ = {
			isa = XCConfigurationList;
			buildConfigurations = (
				08F94B611D65839E0056E722 /* Debug */,
				08F94B621D65839E0056E722 /* Release */,
			);
			defaultConfigurationIsVisible = 0;
		};
		08F94B631D65839E0056E722 /* Build configuration list for PBXNativeTarget "Mini REtoUITests" */ = {
			isa = XCConfigurationList;
			buildConfigurations = (
				08F94B641D65839E0056E722 /* Debug */,
				08F94B651D65839E0056E722 /* Release */,
			);
			defaultConfigurationIsVisible = 0;
		};
/* End XCConfigurationList section */
	};
	rootObject = 08F94B2D1D65839E0056E722 /* Project object */;
}
